
Microsoft Visual Studio Solution File, Format Version 12.00
# Visual Studio Version 16
VisualStudioVersion = 16.0.30621.155
MinimumVisualStudioVersion = 10.0.40219.1
Project("{FAE04EC0-301F-11D3-BF4B-00C04F79EFBC}") = "Bruh_proj69", "Bruh_proj69\Bruh_proj69.csproj", "{8E046D2F-85B1-4000-997E-2B301E1FDF2C}"
EndProject
Global
	GlobalSection(SolutionConfigurationPlatforms) = preSolution
		Debug|Any CPU = Debug|Any CPU
		Release|Any CPU = Release|Any CPU
	EndGlobalSection
	GlobalSection(ProjectConfigurationPlatforms) = postSolution
		{8E046D2F-85B1-4000-997E-2B301E1FDF2C}.Debug|Any CPU.ActiveCfg = Debug|Any CPU
		{8E046D2F-85B1-4000-997E-2B301E1FDF2C}.Debug|Any CPU.Build.0 = Debug|Any CPU
		{8E046D2F-85B1-4000-997E-2B301E1FDF2C}.Release|Any CPU.ActiveCfg = Release|Any CPU
		{8E046D2F-85B1-4000-997E-2B301E1FDF2C}.Release|Any CPU.Build.0 = Release|Any CPU
	EndGlobalSection
	GlobalSection(SolutionProperties) = preSolution
		HideSolutionNode = FALSE
	EndGlobalSection
	GlobalSection(ExtensibilityGlobals) = postSolution
		SolutionGuid = {256DB47E-8B2C-4D94-B730-7E6467372D99}
	EndGlobalSection
EndGlobal
